
Microsoft Visual Studio Solution File, Format Version 12.00
# Visual Studio 2012
Project("{FAE04EC0-301F-11D3-BF4B-00C04F79EFBC}") = "LasermarkImagePane", "LasermarkImagePane\LasermarkImagePane.csproj", "{CCA38C97-A0C8-41A7-B620-9A101BC1F25D}"
EndProject
Global
	GlobalSection(SolutionConfigurationPlatforms) = preSolution
		Debug|Any CPU = Debug|Any CPU
		Release|Any CPU = Release|Any CPU
	EndGlobalSection
	GlobalSection(ProjectConfigurationPlatforms) = postSolution
		{CCA38C97-A0C8-41A7-B620-9A101BC1F25D}.Debug|Any CPU.ActiveCfg = Debug|Any CPU
		{CCA38C97-A0C8-41A7-B620-9A101BC1F25D}.Debug|Any CPU.Build.0 = Debug|Any CPU
		{CCA38C97-A0C8-41A7-B620-9A101BC1F25D}.Release|Any CPU.ActiveCfg = Release|Any CPU
		{CCA38C97-A0C8-41A7-B620-9A101BC1F25D}.Release|Any CPU.Build.0 = Release|Any CPU
	EndGlobalSection
	GlobalSection(SolutionProperties) = preSolution
		HideSolutionNode = FALSE
	EndGlobalSection
EndGlobal
